
Microsoft Visual Studio Solution File, Format Version 12.00
# Visual Studio 15
Project("{FAE04EC0-301F-11D3-BF4B-00C04F79EFBC}") = "Assembly-CSharp", "Assembly-CSharp.csproj", "{CBE85B11-5B41-F5FB-4CAE-2FC01C1DFDA8}"
EndProject
Global
	GlobalSection(SolutionConfigurationPlatforms) = preSolution
		Debug|Any CPU = Debug|Any CPU
		Release|Any CPU = Release|Any CPU
	EndGlobalSection
	GlobalSection(ProjectConfigurationPlatforms) = postSolution
		{CBE85B11-5B41-F5FB-4CAE-2FC01C1DFDA8}.Debug|Any CPU.ActiveCfg = Debug|Any CPU
		{CBE85B11-5B41-F5FB-4CAE-2FC01C1DFDA8}.Debug|Any CPU.Build.0 = Debug|Any CPU
		{CBE85B11-5B41-F5FB-4CAE-2FC01C1DFDA8}.Release|Any CPU.ActiveCfg = Release|Any CPU
		{CBE85B11-5B41-F5FB-4CAE-2FC01C1DFDA8}.Release|Any CPU.Build.0 = Release|Any CPU
	EndGlobalSection
	GlobalSection(SolutionProperties) = preSolution
		HideSolutionNode = FALSE
	EndGlobalSection
EndGlobal
